// !$*UTF8*$!
{
	archiveVersion = 1;
	classes = {
	};
	objectVersion = 50;
	objects = {

/* Begin PBXBuildFile section */
		2D0E494622AFB27100973E6F /* UsernameViewController.swift in Sources */ = {isa = PBXBuildFile; fileRef = 2D0E494522AFB27100973E6F /* UsernameViewController.swift */; };
		2D0E494B22AFB67D00973E6F /* UsernameViewModel.swift in Sources */ = {isa = PBXBuildFile; fileRef = 2D0E494A22AFB67D00973E6F /* UsernameViewModel.swift */; };
		2D0E494D22AFB7CC00973E6F /* ApiError.swift in Sources */ = {isa = PBXBuildFile; fileRef = 2D0E494C22AFB7CC00973E6F /* ApiError.swift */; };
		2D0E495222AFD69000973E6F /* Request.swift in Sources */ = {isa = PBXBuildFile; fileRef = 2D0E495122AFD69000973E6F /* Request.swift */; };
		2D0E495422AFE87E00973E6F /* Choice.swift in Sources */ = {isa = PBXBuildFile; fileRef = 2D0E495322AFE87E00973E6F /* Choice.swift */; };
		2D0E495622AFEF9700973E6F /* Deck.swift in Sources */ = {isa = PBXBuildFile; fileRef = 2D0E495522AFEF9700973E6F /* Deck.swift */; };
		2D0E495822AFF0D800973E6F /* GameViewModel.swift in Sources */ = {isa = PBXBuildFile; fileRef = 2D0E495722AFF0D800973E6F /* GameViewModel.swift */; };
		2D0E495D22AFFF2E00973E6F /* DeathViewController.swift in Sources */ = {isa = PBXBuildFile; fileRef = 2D0E495C22AFFF2D00973E6F /* DeathViewController.swift */; };
		2D0E495F22AFFF5600973E6F /* DeathViewModel.swift in Sources */ = {isa = PBXBuildFile; fileRef = 2D0E495E22AFFF5600973E6F /* DeathViewModel.swift */; };
		2D0E496622B0E78800973E6F /* Game.swift in Sources */ = {isa = PBXBuildFile; fileRef = 2D0E496522B0E78800973E6F /* Game.swift */; };
		2D0E496822B0E93C00973E6F /* Faction.swift in Sources */ = {isa = PBXBuildFile; fileRef = 2D0E496722B0E93C00973E6F /* Faction.swift */; };
		2DC8D7FD22B21F530014F885 /* DeckView.xib in Resources */ = {isa = PBXBuildFile; fileRef = 2DC8D7FC22B21F530014F885 /* DeckView.xib */; };
		2DFA382522AFA7FB000471E2 /* WebService.swift in Sources */ = {isa = PBXBuildFile; fileRef = 2DFA382422AFA7FB000471E2 /* WebService.swift */; };
		2DFA382722AFA8A4000471E2 /* User.swift in Sources */ = {isa = PBXBuildFile; fileRef = 2DFA382622AFA8A4000471E2 /* User.swift */; };
		2DFA382922AFA8E0000471E2 /* Card.swift in Sources */ = {isa = PBXBuildFile; fileRef = 2DFA382822AFA8E0000471E2 /* Card.swift */; };
		2DFA382B22AFAB47000471E2 /* JSONStorage.swift in Sources */ = {isa = PBXBuildFile; fileRef = 2DFA382A22AFAB47000471E2 /* JSONStorage.swift */; };
		4209D6089FF94535E50FD9BD /* Pods_Crowns.framework in Frameworks */ = {isa = PBXBuildFile; fileRef = 818F22EAD4D1D27B61690D6F /* Pods_Crowns.framework */; };
		4D24EFF322525E5A00B87D5B /* ScoreView.swift in Sources */ = {isa = PBXBuildFile; fileRef = 4D24EFF222525E5A00B87D5B /* ScoreView.swift */; };
		4D25565022510760004D5EFC /* GameStatsView.swift in Sources */ = {isa = PBXBuildFile; fileRef = 4D25564F22510760004D5EFC /* GameStatsView.swift */; };
		4D2556522251076D004D5EFC /* GameStatsView.xib in Resources */ = {isa = PBXBuildFile; fileRef = 4D2556512251076D004D5EFC /* GameStatsView.xib */; };
		4D25565422510E91004D5EFC /* FactionsScoreView.swift in Sources */ = {isa = PBXBuildFile; fileRef = 4D25565322510E91004D5EFC /* FactionsScoreView.swift */; };
		4D25565822510ECD004D5EFC /* FactionScoreView.xib in Resources */ = {isa = PBXBuildFile; fileRef = 4D25565722510ECD004D5EFC /* FactionScoreView.xib */; };
		4D25565A22510EE1004D5EFC /* FactionScoreView.swift in Sources */ = {isa = PBXBuildFile; fileRef = 4D25565922510EE1004D5EFC /* FactionScoreView.swift */; };
		4D3EC8AA224C16FD0000CF5C /* CardView.xib in Resources */ = {isa = PBXBuildFile; fileRef = 4D3EC8A9224C16FD0000CF5C /* CardView.xib */; };
		4D3EC8AC224C170B0000CF5C /* CardView.swift in Sources */ = {isa = PBXBuildFile; fileRef = 4D3EC8AB224C170B0000CF5C /* CardView.swift */; };
		4D85CBD8225134DD008D05FC /* FactionsScoreView.xib in Resources */ = {isa = PBXBuildFile; fileRef = 4D85CBD7225134DD008D05FC /* FactionsScoreView.xib */; };
		4DE57A7E224BC12800D37B57 /* AppDelegate.swift in Sources */ = {isa = PBXBuildFile; fileRef = 4DE57A7D224BC12800D37B57 /* AppDelegate.swift */; };
		4DE57A80224BC12800D37B57 /* GameViewController.swift in Sources */ = {isa = PBXBuildFile; fileRef = 4DE57A7F224BC12800D37B57 /* GameViewController.swift */; };
		4DE57A83224BC12800D37B57 /* Main.storyboard in Resources */ = {isa = PBXBuildFile; fileRef = 4DE57A81224BC12800D37B57 /* Main.storyboard */; };
		4DE57A85224BC12A00D37B57 /* Assets.xcassets in Resources */ = {isa = PBXBuildFile; fileRef = 4DE57A84224BC12A00D37B57 /* Assets.xcassets */; };
		4DE57A88224BC12A00D37B57 /* LaunchScreen.storyboard in Resources */ = {isa = PBXBuildFile; fileRef = 4DE57A86224BC12A00D37B57 /* LaunchScreen.storyboard */; };
		4DE57A93224BC12A00D37B57 /* CrownsTests.swift in Sources */ = {isa = PBXBuildFile; fileRef = 4DE57A92224BC12A00D37B57 /* CrownsTests.swift */; };
		4DE57A9E224BC12A00D37B57 /* CrownsUITests.swift in Sources */ = {isa = PBXBuildFile; fileRef = 4DE57A9D224BC12A00D37B57 /* CrownsUITests.swift */; };
		4DE8C2F3225A58910073DCD9 /* DeckView.swift in Sources */ = {isa = PBXBuildFile; fileRef = 4DE8C2F2225A58910073DCD9 /* DeckView.swift */; };
		BF77DB7E2DC3944751F5E756 /* Pods_CrownsUITests.framework in Frameworks */ = {isa = PBXBuildFile; fileRef = 83A1E5C159761BFD05DC8EA6 /* Pods_CrownsUITests.framework */; };
		CE452AC72AFBA59ACC8AA0AA /* Pods_CrownsTests.framework in Frameworks */ = {isa = PBXBuildFile; fileRef = 0D5ACE9C4CCD37AD84FFC6D6 /* Pods_CrownsTests.framework */; };
/* End PBXBuildFile section */

/* Begin PBXContainerItemProxy section */
		4DE57A8F224BC12A00D37B57 /* PBXContainerItemProxy */ = {
			isa = PBXContainerItemProxy;
			containerPortal = 4DE57A72224BC12800D37B57 /* Project object */;
			proxyType = 1;
			remoteGlobalIDString = 4DE57A79224BC12800D37B57;
			remoteInfo = Crowns;
		};
		4DE57A9A224BC12A00D37B57 /* PBXContainerItemProxy */ = {
			isa = PBXContainerItemProxy;
			containerPortal = 4DE57A72224BC12800D37B57 /* Project object */;
			proxyType = 1;
			remoteGlobalIDString = 4DE57A79224BC12800D37B57;
			remoteInfo = Crowns;
		};
/* End PBXContainerItemProxy section */

/* Begin PBXFileReference section */
		0D5ACE9C4CCD37AD84FFC6D6 /* Pods_CrownsTests.framework */ = {isa = PBXFileReference; explicitFileType = wrapper.framework; includeInIndex = 0; path = Pods_CrownsTests.framework; sourceTree = BUILT_PRODUCTS_DIR; };
		0FFB8296EBFB19B5A0D6FF25 /* Pods-Crowns.release.xcconfig */ = {isa = PBXFileReference; includeInIndex = 1; lastKnownFileType = text.xcconfig; name = "Pods-Crowns.release.xcconfig"; path = "Target Support Files/Pods-Crowns/Pods-Crowns.release.xcconfig"; sourceTree = "<group>"; };
		2D0E494522AFB27100973E6F /* UsernameViewController.swift */ = {isa = PBXFileReference; lastKnownFileType = sourcecode.swift; path = UsernameViewController.swift; sourceTree = "<group>"; };
		2D0E494A22AFB67D00973E6F /* UsernameViewModel.swift */ = {isa = PBXFileReference; lastKnownFileType = sourcecode.swift; path = UsernameViewModel.swift; sourceTree = "<group>"; };
		2D0E494C22AFB7CC00973E6F /* ApiError.swift */ = {isa = PBXFileReference; lastKnownFileType = sourcecode.swift; path = ApiError.swift; sourceTree = "<group>"; };
		2D0E495122AFD69000973E6F /* Request.swift */ = {isa = PBXFileReference; lastKnownFileType = sourcecode.swift; path = Request.swift; sourceTree = "<group>"; };
		2D0E495322AFE87E00973E6F /* Choice.swift */ = {isa = PBXFileReference; lastKnownFileType = sourcecode.swift; path = Choice.swift; sourceTree = "<group>"; };
		2D0E495522AFEF9700973E6F /* Deck.swift */ = {isa = PBXFileReference; lastKnownFileType = sourcecode.swift; path = Deck.swift; sourceTree = "<group>"; };
		2D0E495722AFF0D800973E6F /* GameViewModel.swift */ = {isa = PBXFileReference; lastKnownFileType = sourcecode.swift; path = GameViewModel.swift; sourceTree = "<group>"; };
		2D0E495C22AFFF2D00973E6F /* DeathViewController.swift */ = {isa = PBXFileReference; lastKnownFileType = sourcecode.swift; path = DeathViewController.swift; sourceTree = "<group>"; };
		2D0E495E22AFFF5600973E6F /* DeathViewModel.swift */ = {isa = PBXFileReference; lastKnownFileType = sourcecode.swift; path = DeathViewModel.swift; sourceTree = "<group>"; };
		2D0E496522B0E78800973E6F /* Game.swift */ = {isa = PBXFileReference; lastKnownFileType = sourcecode.swift; path = Game.swift; sourceTree = "<group>"; };
		2D0E496722B0E93C00973E6F /* Faction.swift */ = {isa = PBXFileReference; lastKnownFileType = sourcecode.swift; path = Faction.swift; sourceTree = "<group>"; };
		2DC8D7FC22B21F530014F885 /* DeckView.xib */ = {isa = PBXFileReference; lastKnownFileType = file.xib; path = DeckView.xib; sourceTree = "<group>"; };
		2DFA382422AFA7FB000471E2 /* WebService.swift */ = {isa = PBXFileReference; lastKnownFileType = sourcecode.swift; path = WebService.swift; sourceTree = "<group>"; };
		2DFA382622AFA8A4000471E2 /* User.swift */ = {isa = PBXFileReference; lastKnownFileType = sourcecode.swift; path = User.swift; sourceTree = "<group>"; };
		2DFA382822AFA8E0000471E2 /* Card.swift */ = {isa = PBXFileReference; lastKnownFileType = sourcecode.swift; path = Card.swift; sourceTree = "<group>"; };
		2DFA382A22AFAB47000471E2 /* JSONStorage.swift */ = {isa = PBXFileReference; lastKnownFileType = sourcecode.swift; path = JSONStorage.swift; sourceTree = "<group>"; };
		38268D0922AEF92BDA4E7DAD /* Pods-CrownsUITests.release.xcconfig */ = {isa = PBXFileReference; includeInIndex = 1; lastKnownFileType = text.xcconfig; name = "Pods-CrownsUITests.release.xcconfig"; path = "Target Support Files/Pods-CrownsUITests/Pods-CrownsUITests.release.xcconfig"; sourceTree = "<group>"; };
		4D24EFF222525E5A00B87D5B /* ScoreView.swift */ = {isa = PBXFileReference; lastKnownFileType = sourcecode.swift; path = ScoreView.swift; sourceTree = "<group>"; };
		4D25564F22510760004D5EFC /* GameStatsView.swift */ = {isa = PBXFileReference; lastKnownFileType = sourcecode.swift; path = GameStatsView.swift; sourceTree = "<group>"; };
		4D2556512251076D004D5EFC /* GameStatsView.xib */ = {isa = PBXFileReference; lastKnownFileType = file.xib; path = GameStatsView.xib; sourceTree = "<group>"; };
		4D25565322510E91004D5EFC /* FactionsScoreView.swift */ = {isa = PBXFileReference; lastKnownFileType = sourcecode.swift; path = FactionsScoreView.swift; sourceTree = "<group>"; };
		4D25565722510ECD004D5EFC /* FactionScoreView.xib */ = {isa = PBXFileReference; lastKnownFileType = file.xib; path = FactionScoreView.xib; sourceTree = "<group>"; };
		4D25565922510EE1004D5EFC /* FactionScoreView.swift */ = {isa = PBXFileReference; lastKnownFileType = sourcecode.swift; path = FactionScoreView.swift; sourceTree = "<group>"; };
		4D3EC8A9224C16FD0000CF5C /* CardView.xib */ = {isa = PBXFileReference; lastKnownFileType = file.xib; path = CardView.xib; sourceTree = "<group>"; };
		4D3EC8AB224C170B0000CF5C /* CardView.swift */ = {isa = PBXFileReference; lastKnownFileType = sourcecode.swift; path = CardView.swift; sourceTree = "<group>"; };
		4D85CBD7225134DD008D05FC /* FactionsScoreView.xib */ = {isa = PBXFileReference; lastKnownFileType = file.xib; path = FactionsScoreView.xib; sourceTree = "<group>"; };
		4DE57A7A224BC12800D37B57 /* Crowns.app */ = {isa = PBXFileReference; explicitFileType = wrapper.application; includeInIndex = 0; path = Crowns.app; sourceTree = BUILT_PRODUCTS_DIR; };
		4DE57A7D224BC12800D37B57 /* AppDelegate.swift */ = {isa = PBXFileReference; lastKnownFileType = sourcecode.swift; path = AppDelegate.swift; sourceTree = "<group>"; };
		4DE57A7F224BC12800D37B57 /* GameViewController.swift */ = {isa = PBXFileReference; lastKnownFileType = sourcecode.swift; path = GameViewController.swift; sourceTree = "<group>"; };
		4DE57A82224BC12800D37B57 /* Base */ = {isa = PBXFileReference; lastKnownFileType = file.storyboard; name = Base; path = Base.lproj/Main.storyboard; sourceTree = "<group>"; };
		4DE57A84224BC12A00D37B57 /* Assets.xcassets */ = {isa = PBXFileReference; lastKnownFileType = folder.assetcatalog; path = Assets.xcassets; sourceTree = "<group>"; };
		4DE57A87224BC12A00D37B57 /* Base */ = {isa = PBXFileReference; lastKnownFileType = file.storyboard; name = Base; path = Base.lproj/LaunchScreen.storyboard; sourceTree = "<group>"; };
		4DE57A89224BC12A00D37B57 /* Info.plist */ = {isa = PBXFileReference; lastKnownFileType = text.plist.xml; path = Info.plist; sourceTree = "<group>"; };
		4DE57A8E224BC12A00D37B57 /* CrownsTests.xctest */ = {isa = PBXFileReference; explicitFileType = wrapper.cfbundle; includeInIndex = 0; path = CrownsTests.xctest; sourceTree = BUILT_PRODUCTS_DIR; };
		4DE57A92224BC12A00D37B57 /* CrownsTests.swift */ = {isa = PBXFileReference; lastKnownFileType = sourcecode.swift; path = CrownsTests.swift; sourceTree = "<group>"; };
		4DE57A94224BC12A00D37B57 /* Info.plist */ = {isa = PBXFileReference; lastKnownFileType = text.plist.xml; path = Info.plist; sourceTree = "<group>"; };
		4DE57A99224BC12A00D37B57 /* CrownsUITests.xctest */ = {isa = PBXFileReference; explicitFileType = wrapper.cfbundle; includeInIndex = 0; path = CrownsUITests.xctest; sourceTree = BUILT_PRODUCTS_DIR; };
		4DE57A9D224BC12A00D37B57 /* CrownsUITests.swift */ = {isa = PBXFileReference; lastKnownFileType = sourcecode.swift; path = CrownsUITests.swift; sourceTree = "<group>"; };
		4DE57A9F224BC12A00D37B57 /* Info.plist */ = {isa = PBXFileReference; lastKnownFileType = text.plist.xml; path = Info.plist; sourceTree = "<group>"; };
		4DE8C2F2225A58910073DCD9 /* DeckView.swift */ = {isa = PBXFileReference; lastKnownFileType = sourcecode.swift; path = DeckView.swift; sourceTree = "<group>"; };
		65C235ED1242E3F4A3455876 /* Pods-CrownsUITests.debug.xcconfig */ = {isa = PBXFileReference; includeInIndex = 1; lastKnownFileType = text.xcconfig; name = "Pods-CrownsUITests.debug.xcconfig"; path = "Target Support Files/Pods-CrownsUITests/Pods-CrownsUITests.debug.xcconfig"; sourceTree = "<group>"; };
		7E7DC89A2C514E32B6CD9BE8 /* Pods-CrownsTests.debug.xcconfig */ = {isa = PBXFileReference; includeInIndex = 1; lastKnownFileType = text.xcconfig; name = "Pods-CrownsTests.debug.xcconfig"; path = "Target Support Files/Pods-CrownsTests/Pods-CrownsTests.debug.xcconfig"; sourceTree = "<group>"; };
		818F22EAD4D1D27B61690D6F /* Pods_Crowns.framework */ = {isa = PBXFileReference; explicitFileType = wrapper.framework; includeInIndex = 0; path = Pods_Crowns.framework; sourceTree = BUILT_PRODUCTS_DIR; };
		83A1E5C159761BFD05DC8EA6 /* Pods_CrownsUITests.framework */ = {isa = PBXFileReference; explicitFileType = wrapper.framework; includeInIndex = 0; path = Pods_CrownsUITests.framework; sourceTree = BUILT_PRODUCTS_DIR; };
		B71FFF6DB96D15876DBDD7D2 /* Pods-CrownsTests.release.xcconfig */ = {isa = PBXFileReference; includeInIndex = 1; lastKnownFileType = text.xcconfig; name = "Pods-CrownsTests.release.xcconfig"; path = "Target Support Files/Pods-CrownsTests/Pods-CrownsTests.release.xcconfig"; sourceTree = "<group>"; };
		E51083E5EA627AA7673738DC /* Pods-Crowns.debug.xcconfig */ = {isa = PBXFileReference; includeInIndex = 1; lastKnownFileType = text.xcconfig; name = "Pods-Crowns.debug.xcconfig"; path = "Target Support Files/Pods-Crowns/Pods-Crowns.debug.xcconfig"; sourceTree = "<group>"; };
/* End PBXFileReference section */

/* Begin PBXFrameworksBuildPhase section */
		4DE57A77224BC12800D37B57 /* Frameworks */ = {
			isa = PBXFrameworksBuildPhase;
			buildActionMask = 2147483647;
			files = (
				4209D6089FF94535E50FD9BD /* Pods_Crowns.framework in Frameworks */,
			);
			runOnlyForDeploymentPostprocessing = 0;
		};
		4DE57A8B224BC12A00D37B57 /* Frameworks */ = {
			isa = PBXFrameworksBuildPhase;
			buildActionMask = 2147483647;
			files = (
				CE452AC72AFBA59ACC8AA0AA /* Pods_CrownsTests.framework in Frameworks */,
			);
			runOnlyForDeploymentPostprocessing = 0;
		};
		4DE57A96224BC12A00D37B57 /* Frameworks */ = {
			isa = PBXFrameworksBuildPhase;
			buildActionMask = 2147483647;
			files = (
				BF77DB7E2DC3944751F5E756 /* Pods_CrownsUITests.framework in Frameworks */,
			);
			runOnlyForDeploymentPostprocessing = 0;
		};
/* End PBXFrameworksBuildPhase section */

/* Begin PBXGroup section */
		2D0E494722AFB62B00973E6F /* Game */ = {
			isa = PBXGroup;
			children = (
				4DE57A7F224BC12800D37B57 /* GameViewController.swift */,
				2D0E495722AFF0D800973E6F /* GameViewModel.swift */,
			);
			path = Game;
			sourceTree = "<group>";
		};
		2D0E494922AFB66900973E6F /* Username */ = {
			isa = PBXGroup;
			children = (
				2D0E494522AFB27100973E6F /* UsernameViewController.swift */,
				2D0E494A22AFB67D00973E6F /* UsernameViewModel.swift */,
			);
			path = Username;
			sourceTree = "<group>";
		};
		2D0E495022AFD66000973E6F /* WebService */ = {
			isa = PBXGroup;
			children = (
				2DFA382422AFA7FB000471E2 /* WebService.swift */,
				2D0E495122AFD69000973E6F /* Request.swift */,
			);
			path = WebService;
			sourceTree = "<group>";
		};
		2D0E495B22AFFF2200973E6F /* Death */ = {
			isa = PBXGroup;
			children = (
				2D0E495C22AFFF2D00973E6F /* DeathViewController.swift */,
				2D0E495E22AFFF5600973E6F /* DeathViewModel.swift */,
			);
			path = Death;
			sourceTree = "<group>";
		};
		2D0E496022AFFFE400973E6F /* Extensions */ = {
			isa = PBXGroup;
			children = (
			);
			path = Extensions;
			sourceTree = "<group>";
		};
		2DFA382322AFA7F0000471E2 /* Services */ = {
			isa = PBXGroup;
			children = (
				2D0E495022AFD66000973E6F /* WebService */,
				2DFA382A22AFAB47000471E2 /* JSONStorage.swift */,
			);
			path = Services;
			sourceTree = "<group>";
		};
		4D25565B2251187F004D5EFC /* Models */ = {
			isa = PBXGroup;
			children = (
				2DFA382622AFA8A4000471E2 /* User.swift */,
				2DFA382822AFA8E0000471E2 /* Card.swift */,
				2D0E495522AFEF9700973E6F /* Deck.swift */,
				2D0E495322AFE87E00973E6F /* Choice.swift */,
				2D0E494C22AFB7CC00973E6F /* ApiError.swift */,
				2D0E496522B0E78800973E6F /* Game.swift */,
				2D0E496722B0E93C00973E6F /* Faction.swift */,
			);
			path = Models;
			sourceTree = "<group>";
		};
		4DBE4704224C04FB00882C05 /* Views */ = {
			isa = PBXGroup;
			children = (
				4D3EC8A9224C16FD0000CF5C /* CardView.xib */,
				4D3EC8AB224C170B0000CF5C /* CardView.swift */,
				4D25564F22510760004D5EFC /* GameStatsView.swift */,
				4D2556512251076D004D5EFC /* GameStatsView.xib */,
				4D25565322510E91004D5EFC /* FactionsScoreView.swift */,
				4D85CBD7225134DD008D05FC /* FactionsScoreView.xib */,
				4D25565722510ECD004D5EFC /* FactionScoreView.xib */,
				4D25565922510EE1004D5EFC /* FactionScoreView.swift */,
				4D24EFF222525E5A00B87D5B /* ScoreView.swift */,
				4DE8C2F2225A58910073DCD9 /* DeckView.swift */,
				2DC8D7FC22B21F530014F885 /* DeckView.xib */,
			);
			path = Views;
			sourceTree = "<group>";
		};
		4DE57A71224BC12800D37B57 = {
			isa = PBXGroup;
			children = (
				4DE57A7C224BC12800D37B57 /* Crowns */,
				4DE57A91224BC12A00D37B57 /* CrownsTests */,
				4DE57A9C224BC12A00D37B57 /* CrownsUITests */,
				4DE57A7B224BC12800D37B57 /* Products */,
				D5D5A3227C9A668EC7AA4D22 /* Pods */,
				6B69A05A5CF873303F6C0E1B /* Frameworks */,
			);
			sourceTree = "<group>";
		};
		4DE57A7B224BC12800D37B57 /* Products */ = {
			isa = PBXGroup;
			children = (
				4DE57A7A224BC12800D37B57 /* Crowns.app */,
				4DE57A8E224BC12A00D37B57 /* CrownsTests.xctest */,
				4DE57A99224BC12A00D37B57 /* CrownsUITests.xctest */,
			);
			name = Products;
			sourceTree = "<group>";
		};
		4DE57A7C224BC12800D37B57 /* Crowns */ = {
			isa = PBXGroup;
			children = (
				2D0E496022AFFFE400973E6F /* Extensions */,
				2DFA382322AFA7F0000471E2 /* Services */,
				4DE8C2F1225A53720073DCD9 /* Controllers */,
				4D25565B2251187F004D5EFC /* Models */,
				4DBE4704224C04FB00882C05 /* Views */,
				4DE57A7D224BC12800D37B57 /* AppDelegate.swift */,
				4DE57A81224BC12800D37B57 /* Main.storyboard */,
				4DE57A84224BC12A00D37B57 /* Assets.xcassets */,
				4DE57A86224BC12A00D37B57 /* LaunchScreen.storyboard */,
				4DE57A89224BC12A00D37B57 /* Info.plist */,
			);
			path = Crowns;
			sourceTree = "<group>";
		};
		4DE57A91224BC12A00D37B57 /* CrownsTests */ = {
			isa = PBXGroup;
			children = (
				4DE57A92224BC12A00D37B57 /* CrownsTests.swift */,
				4DE57A94224BC12A00D37B57 /* Info.plist */,
			);
			path = CrownsTests;
			sourceTree = "<group>";
		};
		4DE57A9C224BC12A00D37B57 /* CrownsUITests */ = {
			isa = PBXGroup;
			children = (
				4DE57A9D224BC12A00D37B57 /* CrownsUITests.swift */,
				4DE57A9F224BC12A00D37B57 /* Info.plist */,
			);
			path = CrownsUITests;
			sourceTree = "<group>";
		};
		4DE8C2F1225A53720073DCD9 /* Controllers */ = {
			isa = PBXGroup;
			children = (
				2D0E495B22AFFF2200973E6F /* Death */,
				2D0E494922AFB66900973E6F /* Username */,
				2D0E494722AFB62B00973E6F /* Game */,
			);
			path = Controllers;
			sourceTree = "<group>";
		};
		6B69A05A5CF873303F6C0E1B /* Frameworks */ = {
			isa = PBXGroup;
			children = (
				818F22EAD4D1D27B61690D6F /* Pods_Crowns.framework */,
				0D5ACE9C4CCD37AD84FFC6D6 /* Pods_CrownsTests.framework */,
				83A1E5C159761BFD05DC8EA6 /* Pods_CrownsUITests.framework */,
			);
			name = Frameworks;
			sourceTree = "<group>";
		};
		D5D5A3227C9A668EC7AA4D22 /* Pods */ = {
			isa = PBXGroup;
			children = (
				E51083E5EA627AA7673738DC /* Pods-Crowns.debug.xcconfig */,
				0FFB8296EBFB19B5A0D6FF25 /* Pods-Crowns.release.xcconfig */,
				7E7DC89A2C514E32B6CD9BE8 /* Pods-CrownsTests.debug.xcconfig */,
				B71FFF6DB96D15876DBDD7D2 /* Pods-CrownsTests.release.xcconfig */,
				65C235ED1242E3F4A3455876 /* Pods-CrownsUITests.debug.xcconfig */,
				38268D0922AEF92BDA4E7DAD /* Pods-CrownsUITests.release.xcconfig */,
			);
			path = Pods;
			sourceTree = "<group>";
		};
/* End PBXGroup section */

/* Begin PBXNativeTarget section */
		4DE57A79224BC12800D37B57 /* Crowns */ = {
			isa = PBXNativeTarget;
			buildConfigurationList = 4DE57AA2224BC12A00D37B57 /* Build configuration list for PBXNativeTarget "Crowns" */;
			buildPhases = (
				EA5F36161F1EB11AE8C64A66 /* [CP] Check Pods Manifest.lock */,
				4DE57A76224BC12800D37B57 /* Sources */,
				4DE57A77224BC12800D37B57 /* Frameworks */,
				4DE57A78224BC12800D37B57 /* Resources */,
				998FBA8757A5178C117ADBC5 /* [CP] Embed Pods Frameworks */,
			);
			buildRules = (
			);
			dependencies = (
			);
			name = Crowns;
			productName = Crowns;
			productReference = 4DE57A7A224BC12800D37B57 /* Crowns.app */;
			productType = "com.apple.product-type.application";
		};
		4DE57A8D224BC12A00D37B57 /* CrownsTests */ = {
			isa = PBXNativeTarget;
			buildConfigurationList = 4DE57AA5224BC12A00D37B57 /* Build configuration list for PBXNativeTarget "CrownsTests" */;
			buildPhases = (
				79FDFB35B7DE7666C8B7976B /* [CP] Check Pods Manifest.lock */,
				4DE57A8A224BC12A00D37B57 /* Sources */,
				4DE57A8B224BC12A00D37B57 /* Frameworks */,
				4DE57A8C224BC12A00D37B57 /* Resources */,
			);
			buildRules = (
			);
			dependencies = (
				4DE57A90224BC12A00D37B57 /* PBXTargetDependency */,
			);
			name = CrownsTests;
			productName = CrownsTests;
			productReference = 4DE57A8E224BC12A00D37B57 /* CrownsTests.xctest */;
			productType = "com.apple.product-type.bundle.unit-test";
		};
		4DE57A98224BC12A00D37B57 /* CrownsUITests */ = {
			isa = PBXNativeTarget;
			buildConfigurationList = 4DE57AA8224BC12A00D37B57 /* Build configuration list for PBXNativeTarget "CrownsUITests" */;
			buildPhases = (
				9FE046398E02DFC2A9F3875C /* [CP] Check Pods Manifest.lock */,
				4DE57A95224BC12A00D37B57 /* Sources */,
				4DE57A96224BC12A00D37B57 /* Frameworks */,
				4DE57A97224BC12A00D37B57 /* Resources */,
			);
			buildRules = (
			);
			dependencies = (
				4DE57A9B224BC12A00D37B57 /* PBXTargetDependency */,
			);
			name = CrownsUITests;
			productName = CrownsUITests;
			productReference = 4DE57A99224BC12A00D37B57 /* CrownsUITests.xctest */;
			productType = "com.apple.product-type.bundle.ui-testing";
		};
/* End PBXNativeTarget section */

/* Begin PBXProject section */
		4DE57A72224BC12800D37B57 /* Project object */ = {
			isa = PBXProject;
			attributes = {
				LastSwiftUpdateCheck = 1020;
				LastUpgradeCheck = 1020;
				ORGANIZATIONNAME = halftonedesign;
				TargetAttributes = {
					4DE57A79224BC12800D37B57 = {
						CreatedOnToolsVersion = 10.2;
					};
					4DE57A8D224BC12A00D37B57 = {
						CreatedOnToolsVersion = 10.2;
						TestTargetID = 4DE57A79224BC12800D37B57;
					};
					4DE57A98224BC12A00D37B57 = {
						CreatedOnToolsVersion = 10.2;
						TestTargetID = 4DE57A79224BC12800D37B57;
					};
				};
			};
			buildConfigurationList = 4DE57A75224BC12800D37B57 /* Build configuration list for PBXProject "Crowns" */;
			compatibilityVersion = "Xcode 9.3";
			developmentRegion = en;
			hasScannedForEncodings = 0;
			knownRegions = (
				en,
				Base,
			);
			mainGroup = 4DE57A71224BC12800D37B57;
			productRefGroup = 4DE57A7B224BC12800D37B57 /* Products */;
			projectDirPath = "";
			projectRoot = "";
			targets = (
				4DE57A79224BC12800D37B57 /* Crowns */,
				4DE57A8D224BC12A00D37B57 /* CrownsTests */,
				4DE57A98224BC12A00D37B57 /* CrownsUITests */,
			);
		};
/* End PBXProject section */

/* Begin PBXResourcesBuildPhase section */
		4DE57A78224BC12800D37B57 /* Resources */ = {
			isa = PBXResourcesBuildPhase;
			buildActionMask = 2147483647;
			files = (
				4D2556522251076D004D5EFC /* GameStatsView.xib in Resources */,
				4D25565822510ECD004D5EFC /* FactionScoreView.xib in Resources */,
				4DE57A88224BC12A00D37B57 /* LaunchScreen.storyboard in Resources */,
				4D85CBD8225134DD008D05FC /* FactionsScoreView.xib in Resources */,
				4DE57A85224BC12A00D37B57 /* Assets.xcassets in Resources */,
				4D3EC8AA224C16FD0000CF5C /* CardView.xib in Resources */,
				4DE57A83224BC12800D37B57 /* Main.storyboard in Resources */,
				2DC8D7FD22B21F530014F885 /* DeckView.xib in Resources */,
			);
			runOnlyForDeploymentPostprocessing = 0;
		};
		4DE57A8C224BC12A00D37B57 /* Resources */ = {
			isa = PBXResourcesBuildPhase;
			buildActionMask = 2147483647;
			files = (
			);
			runOnlyForDeploymentPostprocessing = 0;
		};
		4DE57A97224BC12A00D37B57 /* Resources */ = {
			isa = PBXResourcesBuildPhase;
			buildActionMask = 2147483647;
			files = (
			);
			runOnlyForDeploymentPostprocessing = 0;
		};
/* End PBXResourcesBuildPhase section */

/* Begin PBXShellScriptBuildPhase section */
		79FDFB35B7DE7666C8B7976B /* [CP] Check Pods Manifest.lock */ = {
			isa = PBXShellScriptBuildPhase;
			buildActionMask = 2147483647;
			files = (
			);
			inputFileListPaths = (
			);
			inputPaths = (
				"${PODS_PODFILE_DIR_PATH}/Podfile.lock",
				"${PODS_ROOT}/Manifest.lock",
			);
			name = "[CP] Check Pods Manifest.lock";
			outputFileListPaths = (
			);
			outputPaths = (
				"$(DERIVED_FILE_DIR)/Pods-CrownsTests-checkManifestLockResult.txt",
			);
			runOnlyForDeploymentPostprocessing = 0;
			shellPath = /bin/sh;
			shellScript = "diff \"${PODS_PODFILE_DIR_PATH}/Podfile.lock\" \"${PODS_ROOT}/Manifest.lock\" > /dev/null\nif [ $? != 0 ] ; then\n    # print error to STDERR\n    echo \"error: The sandbox is not in sync with the Podfile.lock. Run 'pod install' or update your CocoaPods installation.\" >&2\n    exit 1\nfi\n# This output is used by Xcode 'outputs' to avoid re-running this script phase.\necho \"SUCCESS\" > \"${SCRIPT_OUTPUT_FILE_0}\"\n";
			showEnvVarsInLog = 0;
		};
		998FBA8757A5178C117ADBC5 /* [CP] Embed Pods Frameworks */ = {
			isa = PBXShellScriptBuildPhase;
			buildActionMask = 2147483647;
			files = (
			);
			inputFileListPaths = (
			);
			inputPaths = (
				"${PODS_ROOT}/Target Support Files/Pods-Crowns/Pods-Crowns-frameworks.sh",
				"${BUILT_PRODUCTS_DIR}/BlueCryptor/Cryptor.framework",
				"${BUILT_PRODUCTS_DIR}/BlueECC/CryptorECC.framework",
				"${BUILT_PRODUCTS_DIR}/BlueRSA/CryptorRSA.framework",
				"${BUILT_PRODUCTS_DIR}/KituraContracts/KituraContracts.framework",
				"${BUILT_PRODUCTS_DIR}/LoggerAPI/LoggerAPI.framework",
				"${BUILT_PRODUCTS_DIR}/SwiftJWT/SwiftJWT.framework",
			);
			name = "[CP] Embed Pods Frameworks";
			outputFileListPaths = (
			);
			outputPaths = (
				"${TARGET_BUILD_DIR}/${FRAMEWORKS_FOLDER_PATH}/Cryptor.framework",
				"${TARGET_BUILD_DIR}/${FRAMEWORKS_FOLDER_PATH}/CryptorECC.framework",
				"${TARGET_BUILD_DIR}/${FRAMEWORKS_FOLDER_PATH}/CryptorRSA.framework",
				"${TARGET_BUILD_DIR}/${FRAMEWORKS_FOLDER_PATH}/KituraContracts.framework",
				"${TARGET_BUILD_DIR}/${FRAMEWORKS_FOLDER_PATH}/LoggerAPI.framework",
				"${TARGET_BUILD_DIR}/${FRAMEWORKS_FOLDER_PATH}/SwiftJWT.framework",
			);
			runOnlyForDeploymentPostprocessing = 0;
			shellPath = /bin/sh;
			shellScript = "\"${PODS_ROOT}/Target Support Files/Pods-Crowns/Pods-Crowns-frameworks.sh\"\n";
			showEnvVarsInLog = 0;
		};
		9FE046398E02DFC2A9F3875C /* [CP] Check Pods Manifest.lock */ = {
			isa = PBXShellScriptBuildPhase;
			buildActionMask = 2147483647;
			files = (
			);
			inputFileListPaths = (
			);
			inputPaths = (
				"${PODS_PODFILE_DIR_PATH}/Podfile.lock",
				"${PODS_ROOT}/Manifest.lock",
			);
			name = "[CP] Check Pods Manifest.lock";
			outputFileListPaths = (
			);
			outputPaths = (
				"$(DERIVED_FILE_DIR)/Pods-CrownsUITests-checkManifestLockResult.txt",
			);
			runOnlyForDeploymentPostprocessing = 0;
			shellPath = /bin/sh;
			shellScript = "diff \"${PODS_PODFILE_DIR_PATH}/Podfile.lock\" \"${PODS_ROOT}/Manifest.lock\" > /dev/null\nif [ $? != 0 ] ; then\n    # print error to STDERR\n    echo \"error: The sandbox is not in sync with the Podfile.lock. Run 'pod install' or update your CocoaPods installation.\" >&2\n    exit 1\nfi\n# This output is used by Xcode 'outputs' to avoid re-running this script phase.\necho \"SUCCESS\" > \"${SCRIPT_OUTPUT_FILE_0}\"\n";
			showEnvVarsInLog = 0;
		};
		EA5F36161F1EB11AE8C64A66 /* [CP] Check Pods Manifest.lock */ = {
			isa = PBXShellScriptBuildPhase;
			buildActionMask = 2147483647;
			files = (
			);
			inputFileListPaths = (
			);
			inputPaths = (
				"${PODS_PODFILE_DIR_PATH}/Podfile.lock",
				"${PODS_ROOT}/Manifest.lock",
			);
			name = "[CP] Check Pods Manifest.lock";
			outputFileListPaths = (
			);
			outputPaths = (
				"$(DERIVED_FILE_DIR)/Pods-Crowns-checkManifestLockResult.txt",
			);
			runOnlyForDeploymentPostprocessing = 0;
			shellPath = /bin/sh;
			shellScript = "diff \"${PODS_PODFILE_DIR_PATH}/Podfile.lock\" \"${PODS_ROOT}/Manifest.lock\" > /dev/null\nif [ $? != 0 ] ; then\n    # print error to STDERR\n    echo \"error: The sandbox is not in sync with the Podfile.lock. Run 'pod install' or update your CocoaPods installation.\" >&2\n    exit 1\nfi\n# This output is used by Xcode 'outputs' to avoid re-running this script phase.\necho \"SUCCESS\" > \"${SCRIPT_OUTPUT_FILE_0}\"\n";
			showEnvVarsInLog = 0;
		};
/* End PBXShellScriptBuildPhase section */

/* Begin PBXSourcesBuildPhase section */
		4DE57A76224BC12800D37B57 /* Sources */ = {
			isa = PBXSourcesBuildPhase;
			buildActionMask = 2147483647;
			files = (
				2D0E494622AFB27100973E6F /* UsernameViewController.swift in Sources */,
				2D0E496622B0E78800973E6F /* Game.swift in Sources */,
				2D0E494B22AFB67D00973E6F /* UsernameViewModel.swift in Sources */,
				4D24EFF322525E5A00B87D5B /* ScoreView.swift in Sources */,
				4DE57A80224BC12800D37B57 /* GameViewController.swift in Sources */,
				4D3EC8AC224C170B0000CF5C /* CardView.swift in Sources */,
				4D25565022510760004D5EFC /* GameStatsView.swift in Sources */,
				4DE8C2F3225A58910073DCD9 /* DeckView.swift in Sources */,
				4DE57A7E224BC12800D37B57 /* AppDelegate.swift in Sources */,
				2D0E495222AFD69000973E6F /* Request.swift in Sources */,
				2DFA382922AFA8E0000471E2 /* Card.swift in Sources */,
				2D0E495822AFF0D800973E6F /* GameViewModel.swift in Sources */,
				2D0E495622AFEF9700973E6F /* Deck.swift in Sources */,
				4D25565A22510EE1004D5EFC /* FactionScoreView.swift in Sources */,
				2D0E495D22AFFF2E00973E6F /* DeathViewController.swift in Sources */,
				2D0E495422AFE87E00973E6F /* Choice.swift in Sources */,
				2DFA382B22AFAB47000471E2 /* JSONStorage.swift in Sources */,
				2DFA382522AFA7FB000471E2 /* WebService.swift in Sources */,
				2D0E494D22AFB7CC00973E6F /* ApiError.swift in Sources */,
				4D25565422510E91004D5EFC /* FactionsScoreView.swift in Sources */,
				2DFA382722AFA8A4000471E2 /* User.swift in Sources */,
				2D0E495F22AFFF5600973E6F /* DeathViewModel.swift in Sources */,
				2D0E496822B0E93C00973E6F /* Faction.swift in Sources */,
			);
			runOnlyForDeploymentPostprocessing = 0;
		};
		4DE57A8A224BC12A00D37B57 /* Sources */ = {
			isa = PBXSourcesBuildPhase;
			buildActionMask = 2147483647;
			files = (
				4DE57A93224BC12A00D37B57 /* CrownsTests.swift in Sources */,
			);
			runOnlyForDeploymentPostprocessing = 0;
		};
		4DE57A95224BC12A00D37B57 /* Sources */ = {
			isa = PBXSourcesBuildPhase;
			buildActionMask = 2147483647;
			files = (
				4DE57A9E224BC12A00D37B57 /* CrownsUITests.swift in Sources */,
			);
			runOnlyForDeploymentPostprocessing = 0;
		};
/* End PBXSourcesBuildPhase section */

/* Begin PBXTargetDependency section */
		4DE57A90224BC12A00D37B57 /* PBXTargetDependency */ = {
			isa = PBXTargetDependency;
			target = 4DE57A79224BC12800D37B57 /* Crowns */;
			targetProxy = 4DE57A8F224BC12A00D37B57 /* PBXContainerItemProxy */;
		};
		4DE57A9B224BC12A00D37B57 /* PBXTargetDependency */ = {
			isa = PBXTargetDependency;
			target = 4DE57A79224BC12800D37B57 /* Crowns */;
			targetProxy = 4DE57A9A224BC12A00D37B57 /* PBXContainerItemProxy */;
		};
/* End PBXTargetDependency section */

/* Begin PBXVariantGroup section */
		4DE57A81224BC12800D37B57 /* Main.storyboard */ = {
			isa = PBXVariantGroup;
			children = (
				4DE57A82224BC12800D37B57 /* Base */,
			);
			name = Main.storyboard;
			sourceTree = "<group>";
		};
		4DE57A86224BC12A00D37B57 /* LaunchScreen.storyboard */ = {
			isa = PBXVariantGroup;
			children = (
				4DE57A87224BC12A00D37B57 /* Base */,
			);
			name = LaunchScreen.storyboard;
			sourceTree = "<group>";
		};
/* End PBXVariantGroup section */

/* Begin XCBuildConfiguration section */
		4DE57AA0224BC12A00D37B57 /* Debug */ = {
			isa = XCBuildConfiguration;
			buildSettings = {
				ALWAYS_SEARCH_USER_PATHS = NO;
				CLANG_ANALYZER_NONNULL = YES;
				CLANG_ANALYZER_NUMBER_OBJECT_CONVERSION = YES_AGGRESSIVE;
				CLANG_CXX_LANGUAGE_STANDARD = "gnu++14";
				CLANG_CXX_LIBRARY = "libc++";
				CLANG_ENABLE_MODULES = YES;
				CLANG_ENABLE_OBJC_ARC = YES;
				CLANG_ENABLE_OBJC_WEAK = YES;
				CLANG_WARN_BLOCK_CAPTURE_AUTORELEASING = YES;
				CLANG_WARN_BOOL_CONVERSION = YES;
				CLANG_WARN_COMMA = YES;
				CLANG_WARN_CONSTANT_CONVERSION = YES;
				CLANG_WARN_DEPRECATED_OBJC_IMPLEMENTATIONS = YES;
				CLANG_WARN_DIRECT_OBJC_ISA_USAGE = YES_ERROR;
				CLANG_WARN_DOCUMENTATION_COMMENTS = YES;
				CLANG_WARN_EMPTY_BODY = YES;
				CLANG_WARN_ENUM_CONVERSION = YES;
				CLANG_WARN_INFINITE_RECURSION = YES;
				CLANG_WARN_INT_CONVERSION = YES;
				CLANG_WARN_NON_LITERAL_NULL_CONVERSION = YES;
				CLANG_WARN_OBJC_IMPLICIT_RETAIN_SELF = YES;
				CLANG_WARN_OBJC_LITERAL_CONVERSION = YES;
				CLANG_WARN_OBJC_ROOT_CLASS = YES_ERROR;
				CLANG_WARN_RANGE_LOOP_ANALYSIS = YES;
				CLANG_WARN_STRICT_PROTOTYPES = YES;
				CLANG_WARN_SUSPICIOUS_MOVE = YES;
				CLANG_WARN_UNGUARDED_AVAILABILITY = YES_AGGRESSIVE;
				CLANG_WARN_UNREACHABLE_CODE = YES;
				CLANG_WARN__DUPLICATE_METHOD_MATCH = YES;
				CODE_SIGN_IDENTITY = "iPhone Developer";
				COPY_PHASE_STRIP = NO;
				DEBUG_INFORMATION_FORMAT = dwarf;
				ENABLE_STRICT_OBJC_MSGSEND = YES;
				ENABLE_TESTABILITY = YES;
				GCC_C_LANGUAGE_STANDARD = gnu11;
				GCC_DYNAMIC_NO_PIC = NO;
				GCC_NO_COMMON_BLOCKS = YES;
				GCC_OPTIMIZATION_LEVEL = 0;
				GCC_PREPROCESSOR_DEFINITIONS = (
					"DEBUG=1",
					"$(inherited)",
				);
				GCC_WARN_64_TO_32_BIT_CONVERSION = YES;
				GCC_WARN_ABOUT_RETURN_TYPE = YES_ERROR;
				GCC_WARN_UNDECLARED_SELECTOR = YES;
				GCC_WARN_UNINITIALIZED_AUTOS = YES_AGGRESSIVE;
				GCC_WARN_UNUSED_FUNCTION = YES;
				GCC_WARN_UNUSED_VARIABLE = YES;
				IPHONEOS_DEPLOYMENT_TARGET = 12.2;
				MTL_ENABLE_DEBUG_INFO = INCLUDE_SOURCE;
				MTL_FAST_MATH = YES;
				ONLY_ACTIVE_ARCH = YES;
				SDKROOT = iphoneos;
				SWIFT_ACTIVE_COMPILATION_CONDITIONS = DEBUG;
				SWIFT_OPTIMIZATION_LEVEL = "-Onone";
			};
			name = Debug;
		};
		4DE57AA1224BC12A00D37B57 /* Release */ = {
			isa = XCBuildConfiguration;
			buildSettings = {
				ALWAYS_SEARCH_USER_PATHS = NO;
				CLANG_ANALYZER_NONNULL = YES;
				CLANG_ANALYZER_NUMBER_OBJECT_CONVERSION = YES_AGGRESSIVE;
				CLANG_CXX_LANGUAGE_STANDARD = "gnu++14";
				CLANG_CXX_LIBRARY = "libc++";
				CLANG_ENABLE_MODULES = YES;
				CLANG_ENABLE_OBJC_ARC = YES;
				CLANG_ENABLE_OBJC_WEAK = YES;
				CLANG_WARN_BLOCK_CAPTURE_AUTORELEASING = YES;
				CLANG_WARN_BOOL_CONVERSION = YES;
				CLANG_WARN_COMMA = YES;
				CLANG_WARN_CONSTANT_CONVERSION = YES;
				CLANG_WARN_DEPRECATED_OBJC_IMPLEMENTATIONS = YES;
				CLANG_WARN_DIRECT_OBJC_ISA_USAGE = YES_ERROR;
				CLANG_WARN_DOCUMENTATION_COMMENTS = YES;
				CLANG_WARN_EMPTY_BODY = YES;
				CLANG_WARN_ENUM_CONVERSION = YES;
				CLANG_WARN_INFINITE_RECURSION = YES;
				CLANG_WARN_INT_CONVERSION = YES;
				CLANG_WARN_NON_LITERAL_NULL_CONVERSION = YES;
				CLANG_WARN_OBJC_IMPLICIT_RETAIN_SELF = YES;
				CLANG_WARN_OBJC_LITERAL_CONVERSION = YES;
				CLANG_WARN_OBJC_ROOT_CLASS = YES_ERROR;
				CLANG_WARN_RANGE_LOOP_ANALYSIS = YES;
				CLANG_WARN_STRICT_PROTOTYPES = YES;
				CLANG_WARN_SUSPICIOUS_MOVE = YES;
				CLANG_WARN_UNGUARDED_AVAILABILITY = YES_AGGRESSIVE;
				CLANG_WARN_UNREACHABLE_CODE = YES;
				CLANG_WARN__DUPLICATE_METHOD_MATCH = YES;
				CODE_SIGN_IDENTITY = "iPhone Developer";
				COPY_PHASE_STRIP = NO;
				DEBUG_INFORMATION_FORMAT = "dwarf-with-dsym";
				ENABLE_NS_ASSERTIONS = NO;
				ENABLE_STRICT_OBJC_MSGSEND = YES;
				GCC_C_LANGUAGE_STANDARD = gnu11;
				GCC_NO_COMMON_BLOCKS = YES;
				GCC_WARN_64_TO_32_BIT_CONVERSION = YES;
				GCC_WARN_ABOUT_RETURN_TYPE = YES_ERROR;
				GCC_WARN_UNDECLARED_SELECTOR = YES;
				GCC_WARN_UNINITIALIZED_AUTOS = YES_AGGRESSIVE;
				GCC_WARN_UNUSED_FUNCTION = YES;
				GCC_WARN_UNUSED_VARIABLE = YES;
				IPHONEOS_DEPLOYMENT_TARGET = 12.2;
				MTL_ENABLE_DEBUG_INFO = NO;
				MTL_FAST_MATH = YES;
				SDKROOT = iphoneos;
				SWIFT_COMPILATION_MODE = wholemodule;
				SWIFT_OPTIMIZATION_LEVEL = "-O";
				VALIDATE_PRODUCT = YES;
			};
			name = Release;
		};
		4DE57AA3224BC12A00D37B57 /* Debug */ = {
			isa = XCBuildConfiguration;
			baseConfigurationReference = E51083E5EA627AA7673738DC /* Pods-Crowns.debug.xcconfig */;
			buildSettings = {
				ASSETCATALOG_COMPILER_APPICON_NAME = AppIcon;
				CODE_SIGN_STYLE = Automatic;
				DEVELOPMENT_TEAM = "";
				INFOPLIST_FILE = Crowns/Info.plist;
				LD_RUNPATH_SEARCH_PATHS = (
					"$(inherited)",
					"@executable_path/Frameworks",
				);
				PRODUCT_BUNDLE_IDENTIFIER = HT.Crowns;
				PRODUCT_NAME = "$(TARGET_NAME)";
				SWIFT_VERSION = 5.0;
				TARGETED_DEVICE_FAMILY = "1,2";
			};
			name = Debug;
		};
		4DE57AA4224BC12A00D37B57 /* Release */ = {
			isa = XCBuildConfiguration;
			baseConfigurationReference = 0FFB8296EBFB19B5A0D6FF25 /* Pods-Crowns.release.xcconfig */;
			buildSettings = {
				ASSETCATALOG_COMPILER_APPICON_NAME = AppIcon;
				CODE_SIGN_STYLE = Automatic;
				DEVELOPMENT_TEAM = "";
				INFOPLIST_FILE = Crowns/Info.plist;
				LD_RUNPATH_SEARCH_PATHS = (
					"$(inherited)",
					"@executable_path/Frameworks",
				);
				PRODUCT_BUNDLE_IDENTIFIER = HT.Crowns;
				PRODUCT_NAME = "$(TARGET_NAME)";
				SWIFT_VERSION = 5.0;
				TARGETED_DEVICE_FAMILY = "1,2";
			};
			name = Release;
		};
		4DE57AA6224BC12A00D37B57 /* Debug */ = {
			isa = XCBuildConfiguration;
			baseConfigurationReference = 7E7DC89A2C514E32B6CD9BE8 /* Pods-CrownsTests.debug.xcconfig */;
			buildSettings = {
				ALWAYS_EMBED_SWIFT_STANDARD_LIBRARIES = YES;
				BUNDLE_LOADER = "$(TEST_HOST)";
				CODE_SIGN_STYLE = Automatic;
				INFOPLIST_FILE = CrownsTests/Info.plist;
				LD_RUNPATH_SEARCH_PATHS = (
					"$(inherited)",
					"@executable_path/Frameworks",
					"@loader_path/Frameworks",
				);
				PRODUCT_BUNDLE_IDENTIFIER = HT.CrownsTests;
				PRODUCT_NAME = "$(TARGET_NAME)";
				SWIFT_VERSION = 5.0;
				TARGETED_DEVICE_FAMILY = "1,2";
				TEST_HOST = "$(BUILT_PRODUCTS_DIR)/Crowns.app/Crowns";
			};
			name = Debug;
		};
		4DE57AA7224BC12A00D37B57 /* Release */ = {
			isa = XCBuildConfiguration;
			baseConfigurationReference = B71FFF6DB96D15876DBDD7D2 /* Pods-CrownsTests.release.xcconfig */;
			buildSettings = {
				ALWAYS_EMBED_SWIFT_STANDARD_LIBRARIES = YES;
				BUNDLE_LOADER = "$(TEST_HOST)";
				CODE_SIGN_STYLE = Automatic;
				INFOPLIST_FILE = CrownsTests/Info.plist;
				LD_RUNPATH_SEARCH_PATHS = (
					"$(inherited)",
					"@executable_path/Frameworks",
					"@loader_path/Frameworks",
				);
				PRODUCT_BUNDLE_IDENTIFIER = HT.CrownsTests;
				PRODUCT_NAME = "$(TARGET_NAME)";
				SWIFT_VERSION = 5.0;
				TARGETED_DEVICE_FAMILY = "1,2";
				TEST_HOST = "$(BUILT_PRODUCTS_DIR)/Crowns.app/Crowns";
			};
			name = Release;
		};
		4DE57AA9224BC12A00D37B57 /* Debug */ = {
			isa = XCBuildConfiguration;
			baseConfigurationReference = 65C235ED1242E3F4A3455876 /* Pods-CrownsUITests.debug.xcconfig */;
			buildSettings = {
				ALWAYS_EMBED_SWIFT_STANDARD_LIBRARIES = YES;
				CODE_SIGN_STYLE = Automatic;
				INFOPLIST_FILE = CrownsUITests/Info.plist;
				LD_RUNPATH_SEARCH_PATHS = (
					"$(inherited)",
					"@executable_path/Frameworks",
					"@loader_path/Frameworks",
				);
				PRODUCT_BUNDLE_IDENTIFIER = HT.CrownsUITests;
				PRODUCT_NAME = "$(TARGET_NAME)";
				SWIFT_VERSION = 5.0;
				TARGETED_DEVICE_FAMILY = "1,2";
				TEST_TARGET_NAME = Crowns;
			};
			name = Debug;
		};
		4DE57AAA224BC12A00D37B57 /* Release */ = {
			isa = XCBuildConfiguration;
			baseConfigurationReference = 38268D0922AEF92BDA4E7DAD /* Pods-CrownsUITests.release.xcconfig */;
			buildSettings = {
				ALWAYS_EMBED_SWIFT_STANDARD_LIBRARIES = YES;
				CODE_SIGN_STYLE = Automatic;
				INFOPLIST_FILE = CrownsUITests/Info.plist;
				LD_RUNPATH_SEARCH_PATHS = (
					"$(inherited)",
					"@executable_path/Frameworks",
					"@loader_path/Frameworks",
				);
				PRODUCT_BUNDLE_IDENTIFIER = HT.CrownsUITests;
				PRODUCT_NAME = "$(TARGET_NAME)";
				SWIFT_VERSION = 5.0;
				TARGETED_DEVICE_FAMILY = "1,2";
				TEST_TARGET_NAME = Crowns;
			};
			name = Release;
		};
/* End XCBuildConfiguration section */

/* Begin XCConfigurationList section */
		4DE57A75224BC12800D37B57 /* Build configuration list for PBXProject "Crowns" */ = {
			isa = XCConfigurationList;
			buildConfigurations = (
				4DE57AA0224BC12A00D37B57 /* Debug */,
				4DE57AA1224BC12A00D37B57 /* Release */,
			);
			defaultConfigurationIsVisible = 0;
			defaultConfigurationName = Release;
		};
		4DE57AA2224BC12A00D37B57 /* Build configuration list for PBXNativeTarget "Crowns" */ = {
			isa = XCConfigurationList;
			buildConfigurations = (
				4DE57AA3224BC12A00D37B57 /* Debug */,
				4DE57AA4224BC12A00D37B57 /* Release */,
			);
			defaultConfigurationIsVisible = 0;
			defaultConfigurationName = Release;
		};
		4DE57AA5224BC12A00D37B57 /* Build configuration list for PBXNativeTarget "CrownsTests" */ = {
			isa = XCConfigurationList;
			buildConfigurations = (
				4DE57AA6224BC12A00D37B57 /* Debug */,
				4DE57AA7224BC12A00D37B57 /* Release */,
			);
			defaultConfigurationIsVisible = 0;
			defaultConfigurationName = Release;
		};
		4DE57AA8224BC12A00D37B57 /* Build configuration list for PBXNativeTarget "CrownsUITests" */ = {
			isa = XCConfigurationList;
			buildConfigurations = (
				4DE57AA9224BC12A00D37B57 /* Debug */,
				4DE57AAA224BC12A00D37B57 /* Release */,
			);
			defaultConfigurationIsVisible = 0;
			defaultConfigurationName = Release;
		};
/* End XCConfigurationList section */
	};
	rootObject = 4DE57A72224BC12800D37B57 /* Project object */;
}
